
Microsoft Visual Studio Solution File, Format Version 12.00
# Visual Studio 15
VisualStudioVersion = 15.0.27130.2036
MinimumVisualStudioVersion = 10.0.40219.1
Project("{9A19103F-16F7-4668-BE54-9A1E7A4F7556}") = "GHM.Authentication", "GHM.Authentication\GHM.Authentication.csproj", "{8089B559-6238-4815-B3BB-7B4893598FCF}"
EndProject
Project("{9A19103F-16F7-4668-BE54-9A1E7A4F7556}") = "GHM.Infrastructure", "GHM.Infrastructure\GHM.Infrastructure.csproj", "{A9B1143B-F4ED-4AFE-9623-46380D74B846}"
EndProject
Project("{2150E333-8FDC-42A3-9474-1A3956D46DE8}") = "src", "src", "{BB9418A9-6322-4D8A-9349-40A5CDFABF1F}"
EndProject
Project("{2150E333-8FDC-42A3-9474-1A3956D46DE8}") = "Services", "Services", "{7EF46F31-2010-480C-A8C8-089260DA7A6A}"
EndProject
Project("{2150E333-8FDC-42A3-9474-1A3956D46DE8}") = "Core", "Core", "{47032D72-9535-4F1D-BBC4-03DFF73E3D4D}"
EndProject
Project("{2150E333-8FDC-42A3-9474-1A3956D46DE8}") = "Authentication", "Authentication", "{C98431E7-2B5C-4664-9966-BDC80328347C}"
EndProject
Project("{2150E333-8FDC-42A3-9474-1A3956D46DE8}") = "BuildingBlocks", "BuildingBlocks", "{9B73FED6-6016-42AF-8D0D-A78F6F606A97}"
EndProject
Project("{2150E333-8FDC-42A3-9474-1A3956D46DE8}") = "EventBus", "EventBus", "{5D28835B-E4A4-4884-9289-7D689FD8DE64}"
EndProject
Project("{2150E333-8FDC-42A3-9474-1A3956D46DE8}") = "Infrastructure", "Infrastructure", "{AFD4E329-E702-479E-864C-69754EBE81F5}"
EndProject
Project("{9A19103F-16F7-4668-BE54-9A1E7A4F7556}") = "GHM.Core.Domain", "GHM.Core.Domain\GHM.Core.Domain.csproj", "{88F4BB90-3F68-45C5-99F4-316AFCC864CC}"
EndProject
Project("{9A19103F-16F7-4668-BE54-9A1E7A4F7556}") = "GHM.Core.Infrastructure", "GHM.Core.Infrastructure\GHM.Core.Infrastructure.csproj", "{4F1471E6-21C2-435E-9FAB-DBC2D054D84F}"
EndProject
Project("{9A19103F-16F7-4668-BE54-9A1E7A4F7556}") = "GHM.Core.Api", "GHM.Core.Api\GHM.Core.Api.csproj", "{DD422B23-B019-49B1-B34E-C350B3AAC9B4}"
EndProject
Project("{9A19103F-16F7-4668-BE54-9A1E7A4F7556}") = "GHM.Infrastructure.MongoDb", "GHM.Infrastructure.MongoDb\GHM.Infrastructure.MongoDb.csproj", "{A9F8CBA1-83D1-4251-A477-CCF44997ACE6}"
EndProject
Project("{9A19103F-16F7-4668-BE54-9A1E7A4F7556}") = "GHM.Authentication.Client", "GHM.Authentication.Client\GHM.Authentication.Client.csproj", "{0149E0AF-350F-4D9F-8A11-378A1D107AFF}"
EndProject
Project("{2150E333-8FDC-42A3-9474-1A3956D46DE8}") = "Notifications", "Notifications", "{2DAF0F8D-7A5F-43DF-AED3-2E57DFB7B4CA}"
EndProject
Project("{9A19103F-16F7-4668-BE54-9A1E7A4F7556}") = "GHM.Notifications.Api", "GHM.Notifications.Api\GHM.Notifications.Api.csproj", "{9A73FD84-B377-422E-8063-1EB18412281F}"
EndProject
Project("{2150E333-8FDC-42A3-9474-1A3956D46DE8}") = "ExceptionHandler", "ExceptionHandler", "{1D92B195-22DC-4CAF-BE53-9B227E3E3388}"
EndProject
Project("{9A19103F-16F7-4668-BE54-9A1E7A4F7556}") = "GHM.ExecptionHandler.Api", "GHM.ExecptionHandler.Api\GHM.ExecptionHandler.Api.csproj", "{8AFB2206-33C1-4604-AC1D-7DC231ADFA5E}"
EndProject
Project("{2150E333-8FDC-42A3-9474-1A3956D46DE8}") = "Portal", "Portal", "{B2ADC896-81B8-46D1-91D7-88524498D9ED}"
EndProject
Project("{9A19103F-16F7-4668-BE54-9A1E7A4F7556}") = "GHM.Portals", "GHM.Portals\GHM.Portals.csproj", "{016E9A39-A9B7-406F-89C6-72CD64482723}"
EndProject
Project("{2150E333-8FDC-42A3-9474-1A3956D46DE8}") = "Portals", "Portals", "{0F3FDAB2-8AF3-4EA0-A9CA-51C9B3A443D9}"
EndProject
Project("{9A19103F-16F7-4668-BE54-9A1E7A4F7556}") = "GHM.ThaiThinhMedic.Portal", "GHM.ThaiThinhMedic.Portal\GHM.ThaiThinhMedic.Portal.csproj", "{EFA680FF-4FCC-4285-8538-B045242F7AC6}"
EndProject
Project("{9A19103F-16F7-4668-BE54-9A1E7A4F7556}") = "GHM.EventBus", "GHM.EventBus\GHM.EventBus.csproj", "{35DC1930-A9C5-4A2D-8A51-BC03C69A3DBE}"
EndProject
Project("{9A19103F-16F7-4668-BE54-9A1E7A4F7556}") = "GHM.EventBusRabbitMQ", "GHM.EventBusRabbitMQ\GHM.EventBusRabbitMQ.csproj", "{359FC3C4-8B83-4375-830F-2857691BA991}"
EndProject
Project("{9A19103F-16F7-4668-BE54-9A1E7A4F7556}") = "GHM.Events", "GHM.Events\GHM.Events.csproj", "{CAAF7024-B1EE-4716-A36D-85AC29D86F9E}"
EndProject
Project("{2150E333-8FDC-42A3-9474-1A3956D46DE8}") = "FileManagement", "FileManagement", "{F7FD161E-A7C8-4F4E-BB28-4A4D8BFD294A}"
EndProject
Project("{9A19103F-16F7-4668-BE54-9A1E7A4F7556}") = "GHM.FileManagement.Api", "GHM.FileManagement.Api\GHM.FileManagement.Api.csproj", "{1D67685C-1769-45A9-8C31-E8A612FB1061}"
EndProject
Project("{9A19103F-16F7-4668-BE54-9A1E7A4F7556}") = "GHM.FileManagement.Domain", "GHM.FileManagement.Domain\GHM.FileManagement.Domain.csproj", "{F386394A-6102-4150-9887-1AF37161DB56}"
EndProject
Project("{9A19103F-16F7-4668-BE54-9A1E7A4F7556}") = "GHM.FileManagement.Infrastructure", "GHM.FileManagement.Infrastructure\GHM.FileManagement.Infrastructure.csproj", "{8569FEF0-6B04-4E53-8FBC-4791FDAB1D94}"
EndProject
Project("{2150E333-8FDC-42A3-9474-1A3956D46DE8}") = "Customer", "Customer", "{69246819-CA50-40FE-9EFA-3E67EF1A0C44}"
EndProject
Project("{9A19103F-16F7-4668-BE54-9A1E7A4F7556}") = "GHM.Customer.Api", "GHM.Customer.Api\GHM.Customer.Api.csproj", "{7DE6B4CD-E80F-4E91-B4C4-35720245E0DA}"
EndProject
Project("{9A19103F-16F7-4668-BE54-9A1E7A4F7556}") = "GHM.Customer.Domain", "GHM.Customer.Domain\GHM.Customer.Domain.csproj", "{2381FBD3-05C8-4002-8BE6-5261C80C8023}"
EndProject
Project("{9A19103F-16F7-4668-BE54-9A1E7A4F7556}") = "GHM.Customer.Infrastructure", "GHM.Customer.Infrastructure\GHM.Customer.Infrastructure.csproj", "{A4C49C9C-F482-4235-9427-3094D34AD850}"
EndProject
Project("{2150E333-8FDC-42A3-9474-1A3956D46DE8}") = "Website", "Website", "{B10948C1-5AB8-47B9-908A-7D4D701FF606}"
EndProject
Project("{9A19103F-16F7-4668-BE54-9A1E7A4F7556}") = "GHM.Website.Api", "GHM.Website.Api\GHM.Website.Api.csproj", "{02E18DFC-87C5-4AAE-B1F3-ED6A31FBCE02}"
EndProject
Project("{9A19103F-16F7-4668-BE54-9A1E7A4F7556}") = "GHM.Website.Domain", "GHM.Website.Domain\GHM.Website.Domain.csproj", "{E650AAFA-41AA-422F-9FBA-F365E504644E}"
EndProject
Project("{9A19103F-16F7-4668-BE54-9A1E7A4F7556}") = "GHM.Website.Infrastructure", "GHM.Website.Infrastructure\GHM.Website.Infrastructure.csproj", "{E4931794-B637-4E1E-B0CA-D14ACE3EE5EB}"
EndProject
Project("{2150E333-8FDC-42A3-9474-1A3956D46DE8}") = "Website_Event", "Website_Event", "{BE61D2DD-C2E0-49B3-8C82-460BB1D78061}"
EndProject
Project("{9A19103F-16F7-4668-BE54-9A1E7A4F7556}") = "GHM.Website.Event.Domain", "GHM.Website_Event.Domain\GHM.Website.Event.Domain.csproj", "{A3B687B0-E355-4D43-B759-466C75CD4B57}"
EndProject
Project("{9A19103F-16F7-4668-BE54-9A1E7A4F7556}") = "GHM.Website.Event.Infrastructure", "GHM.Website_Event.Infrastructure\GHM.Website.Event.Infrastructure.csproj", "{BE612AE5-EC86-4B35-AD83-DD458725E23D}"
EndProject
Project("{9A19103F-16F7-4668-BE54-9A1E7A4F7556}") = "GHM.Website.Event.Api", "GHM.Website.Event.Api\GHM.Website.Event.Api.csproj", "{8F502F05-3AFE-4E95-A444-A6D2F12684F4}"
EndProject
Project("{2150E333-8FDC-42A3-9474-1A3956D46DE8}") = "Interactive", "Interactive", "{44291A00-73EE-4E90-B037-2B95A3932C46}"
EndProject
Project("{9A19103F-16F7-4668-BE54-9A1E7A4F7556}") = "GHM.Interactive.Api", "GHM.Interactive.Api\GHM.Interactive.Api.csproj", "{D1CD1901-E0DE-46C3-9532-D61132C61C47}"
EndProject
Project("{9A19103F-16F7-4668-BE54-9A1E7A4F7556}") = "GHM.Interactive.Domain", "GHM.Interactive.Domain\GHM.Interactive.Domain.csproj", "{B214AD29-9CAB-4C39-B676-03793B926187}"
EndProject
Project("{9A19103F-16F7-4668-BE54-9A1E7A4F7556}") = "GHM.Interactive.Infrastructure", "GHM.Interactive.Infrastructure\GHM.Interactive.Infrastructure.csproj", "{7B6EE3DA-FF81-43F8-971C-29ADD5240072}"
EndProject
Project("{2150E333-8FDC-42A3-9474-1A3956D46DE8}") = "Gateways", "Gateways", "{6C435DB9-7C5D-4A25-A6F5-24C7949CC065}"
EndProject
Project("{9A19103F-16F7-4668-BE54-9A1E7A4F7556}") = "GHM.Web.ApiGateway", "GHM.Web.ApiGateway\GHM.Web.ApiGateway.csproj", "{E9EE1671-984F-4497-9C5B-B31CDFA4F2D1}"
EndProject
Project("{2150E333-8FDC-42A3-9474-1A3956D46DE8}") = "Websites", "Websites", "{956971EA-CCCD-4F94-A748-22B2FF864087}"
EndProject
Project("{9A19103F-16F7-4668-BE54-9A1E7A4F7556}") = "GHM.Website.Amiea", "GHM.Website.Amiea\GHM.Website.Amiea.csproj", "{B5698D93-4FA3-434D-956C-9C3D417444CC}"
EndProject
Project("{9A19103F-16F7-4668-BE54-9A1E7A4F7556}") = "GHM.Infrastructure.SqlServer", "GHM.Infrastructure.SqlServer\GHM.Infrastructure.SqlServer.csproj", "{6BDACC80-7FAA-4F61-8C6C-3F694804BA09}"
EndProject
Project("{2150E333-8FDC-42A3-9474-1A3956D46DE8}") = "Product", "Product", "{D8100303-D517-48EC-94D8-7ABFA9263AA1}"
EndProject
Project("{9A19103F-16F7-4668-BE54-9A1E7A4F7556}") = "GHM.Product.Domain", "GHM.Product.Domain\GHM.Product.Domain.csproj", "{04C533CC-F016-43E6-AA13-C1E782EABCBE}"
EndProject
Project("{9A19103F-16F7-4668-BE54-9A1E7A4F7556}") = "GHM.Product.Infrastructure", "GHM.Product.Infrastructure\GHM.Product.Infrastructure.csproj", "{03240ED8-7EED-4483-934B-6049882CF1E2}"
EndProject
Project("{9A19103F-16F7-4668-BE54-9A1E7A4F7556}") = "GHM.Product.Api", "GHM.Product.Api\GHM.Product.Api.csproj", "{D1E374C1-3748-4BB9-8A01-60BE59B2BD0C}"
EndProject
Project("{9A19103F-16F7-4668-BE54-9A1E7A4F7556}") = "GHM.Website.Pyrexar", "GHM.Website.Pyrexar\GHM.Website.Pyrexar\GHM.Website.Pyrexar.csproj", "{FBDD68BD-C044-436A-BA47-1D51CA8A43C0}"
EndProject
Project("{9A19103F-16F7-4668-BE54-9A1E7A4F7556}") = "GHM.Website.ABC", "GHM.Website.ABC\GHM.Website.ABC.csproj", "{94DFE904-98BE-4CE5-81FC-9911006291AA}"
EndProject
Project("{2150E333-8FDC-42A3-9474-1A3956D46DE8}") = "WareHourse", "WareHourse", "{52C16A86-8D00-4477-8543-4F3286388BF7}"
EndProject
Project("{9A19103F-16F7-4668-BE54-9A1E7A4F7556}") = "GHM.Warehouse.Api", "GHM.Warehouse.Api\GHM.Warehouse.Api.csproj", "{59A087CE-5B1F-4ED4-B17E-9C94621E9A73}"
EndProject
Project("{9A19103F-16F7-4668-BE54-9A1E7A4F7556}") = "GHM.Warehouse.Domain", "GHM.Warehouse.Domain\GHM.Warehouse.Domain.csproj", "{F27A4042-3733-4DD6-B9B5-4FD448C70136}"
EndProject
Project("{9A19103F-16F7-4668-BE54-9A1E7A4F7556}") = "GHM.Warehouse.Infrastructure", "GHM.Warehouse.Infrastructure\GHM.Warehouse.Infrastructure.csproj", "{79D488DC-025F-4358-AC0B-A6320AFFDC44}"
EndProject
Project("{9A19103F-16F7-4668-BE54-9A1E7A4F7556}") = "GHM.WebSite.JadesSpa", "GHM.WebSite.JadesSpa\GHM.WebSite.JadesSpa.csproj", "{D4FF2CBA-ABCD-4DC6-8A34-6B25C36F5B1C}"
EndProject
Global
	GlobalSection(SolutionConfigurationPlatforms) = preSolution
		Debug|Any CPU = Debug|Any CPU
		Release|Any CPU = Release|Any CPU
	EndGlobalSection
	GlobalSection(ProjectConfigurationPlatforms) = postSolution
		{8089B559-6238-4815-B3BB-7B4893598FCF}.Debug|Any CPU.ActiveCfg = Debug|Any CPU
		{8089B559-6238-4815-B3BB-7B4893598FCF}.Debug|Any CPU.Build.0 = Debug|Any CPU
		{8089B559-6238-4815-B3BB-7B4893598FCF}.Release|Any CPU.ActiveCfg = Release|Any CPU
		{8089B559-6238-4815-B3BB-7B4893598FCF}.Release|Any CPU.Build.0 = Release|Any CPU
		{A9B1143B-F4ED-4AFE-9623-46380D74B846}.Debug|Any CPU.ActiveCfg = Debug|Any CPU
		{A9B1143B-F4ED-4AFE-9623-46380D74B846}.Debug|Any CPU.Build.0 = Debug|Any CPU
		{A9B1143B-F4ED-4AFE-9623-46380D74B846}.Release|Any CPU.ActiveCfg = Release|Any CPU
		{A9B1143B-F4ED-4AFE-9623-46380D74B846}.Release|Any CPU.Build.0 = Release|Any CPU
		{88F4BB90-3F68-45C5-99F4-316AFCC864CC}.Debug|Any CPU.ActiveCfg = Debug|Any CPU
		{88F4BB90-3F68-45C5-99F4-316AFCC864CC}.Debug|Any CPU.Build.0 = Debug|Any CPU
		{88F4BB90-3F68-45C5-99F4-316AFCC864CC}.Release|Any CPU.ActiveCfg = Release|Any CPU
		{88F4BB90-3F68-45C5-99F4-316AFCC864CC}.Release|Any CPU.Build.0 = Release|Any CPU
		{4F1471E6-21C2-435E-9FAB-DBC2D054D84F}.Debug|Any CPU.ActiveCfg = Debug|Any CPU
		{4F1471E6-21C2-435E-9FAB-DBC2D054D84F}.Debug|Any CPU.Build.0 = Debug|Any CPU
		{4F1471E6-21C2-435E-9FAB-DBC2D054D84F}.Release|Any CPU.ActiveCfg = Release|Any CPU
		{4F1471E6-21C2-435E-9FAB-DBC2D054D84F}.Release|Any CPU.Build.0 = Release|Any CPU
		{DD422B23-B019-49B1-B34E-C350B3AAC9B4}.Debug|Any CPU.ActiveCfg = Debug|Any CPU
		{DD422B23-B019-49B1-B34E-C350B3AAC9B4}.Debug|Any CPU.Build.0 = Debug|Any CPU
		{DD422B23-B019-49B1-B34E-C350B3AAC9B4}.Release|Any CPU.ActiveCfg = Release|Any CPU
		{DD422B23-B019-49B1-B34E-C350B3AAC9B4}.Release|Any CPU.Build.0 = Release|Any CPU
		{A9F8CBA1-83D1-4251-A477-CCF44997ACE6}.Debug|Any CPU.ActiveCfg = Debug|Any CPU
		{A9F8CBA1-83D1-4251-A477-CCF44997ACE6}.Debug|Any CPU.Build.0 = Debug|Any CPU
		{A9F8CBA1-83D1-4251-A477-CCF44997ACE6}.Release|Any CPU.ActiveCfg = Release|Any CPU
		{A9F8CBA1-83D1-4251-A477-CCF44997ACE6}.Release|Any CPU.Build.0 = Release|Any CPU
		{0149E0AF-350F-4D9F-8A11-378A1D107AFF}.Debug|Any CPU.ActiveCfg = Debug|Any CPU
		{0149E0AF-350F-4D9F-8A11-378A1D107AFF}.Debug|Any CPU.Build.0 = Debug|Any CPU
		{0149E0AF-350F-4D9F-8A11-378A1D107AFF}.Release|Any CPU.ActiveCfg = Release|Any CPU
		{0149E0AF-350F-4D9F-8A11-378A1D107AFF}.Release|Any CPU.Build.0 = Release|Any CPU
		{9A73FD84-B377-422E-8063-1EB18412281F}.Debug|Any CPU.ActiveCfg = Debug|Any CPU
		{9A73FD84-B377-422E-8063-1EB18412281F}.Debug|Any CPU.Build.0 = Debug|Any CPU
		{9A73FD84-B377-422E-8063-1EB18412281F}.Release|Any CPU.ActiveCfg = Release|Any CPU
		{9A73FD84-B377-422E-8063-1EB18412281F}.Release|Any CPU.Build.0 = Release|Any CPU
		{8AFB2206-33C1-4604-AC1D-7DC231ADFA5E}.Debug|Any CPU.ActiveCfg = Debug|Any CPU
		{8AFB2206-33C1-4604-AC1D-7DC231ADFA5E}.Debug|Any CPU.Build.0 = Debug|Any CPU
		{8AFB2206-33C1-4604-AC1D-7DC231ADFA5E}.Release|Any CPU.ActiveCfg = Release|Any CPU
		{8AFB2206-33C1-4604-AC1D-7DC231ADFA5E}.Release|Any CPU.Build.0 = Release|Any CPU
		{016E9A39-A9B7-406F-89C6-72CD64482723}.Debug|Any CPU.ActiveCfg = Debug|Any CPU
		{016E9A39-A9B7-406F-89C6-72CD64482723}.Debug|Any CPU.Build.0 = Debug|Any CPU
		{016E9A39-A9B7-406F-89C6-72CD64482723}.Release|Any CPU.ActiveCfg = Release|Any CPU
		{016E9A39-A9B7-406F-89C6-72CD64482723}.Release|Any CPU.Build.0 = Release|Any CPU
		{EFA680FF-4FCC-4285-8538-B045242F7AC6}.Debug|Any CPU.ActiveCfg = Debug|Any CPU
		{EFA680FF-4FCC-4285-8538-B045242F7AC6}.Debug|Any CPU.Build.0 = Debug|Any CPU
		{EFA680FF-4FCC-4285-8538-B045242F7AC6}.Release|Any CPU.ActiveCfg = Release|Any CPU
		{EFA680FF-4FCC-4285-8538-B045242F7AC6}.Release|Any CPU.Build.0 = Release|Any CPU
		{35DC1930-A9C5-4A2D-8A51-BC03C69A3DBE}.Debug|Any CPU.ActiveCfg = Debug|Any CPU
		{35DC1930-A9C5-4A2D-8A51-BC03C69A3DBE}.Debug|Any CPU.Build.0 = Debug|Any CPU
		{35DC1930-A9C5-4A2D-8A51-BC03C69A3DBE}.Release|Any CPU.ActiveCfg = Release|Any CPU
		{35DC1930-A9C5-4A2D-8A51-BC03C69A3DBE}.Release|Any CPU.Build.0 = Release|Any CPU
		{359FC3C4-8B83-4375-830F-2857691BA991}.Debug|Any CPU.ActiveCfg = Debug|Any CPU
		{359FC3C4-8B83-4375-830F-2857691BA991}.Debug|Any CPU.Build.0 = Debug|Any CPU
		{359FC3C4-8B83-4375-830F-2857691BA991}.Release|Any CPU.ActiveCfg = Release|Any CPU
		{359FC3C4-8B83-4375-830F-2857691BA991}.Release|Any CPU.Build.0 = Release|Any CPU
		{CAAF7024-B1EE-4716-A36D-85AC29D86F9E}.Debug|Any CPU.ActiveCfg = Debug|Any CPU
		{CAAF7024-B1EE-4716-A36D-85AC29D86F9E}.Debug|Any CPU.Build.0 = Debug|Any CPU
		{CAAF7024-B1EE-4716-A36D-85AC29D86F9E}.Release|Any CPU.ActiveCfg = Release|Any CPU
		{CAAF7024-B1EE-4716-A36D-85AC29D86F9E}.Release|Any CPU.Build.0 = Release|Any CPU
		{1D67685C-1769-45A9-8C31-E8A612FB1061}.Debug|Any CPU.ActiveCfg = Debug|Any CPU
		{1D67685C-1769-45A9-8C31-E8A612FB1061}.Debug|Any CPU.Build.0 = Debug|Any CPU
		{1D67685C-1769-45A9-8C31-E8A612FB1061}.Release|Any CPU.ActiveCfg = Release|Any CPU
		{1D67685C-1769-45A9-8C31-E8A612FB1061}.Release|Any CPU.Build.0 = Release|Any CPU
		{F386394A-6102-4150-9887-1AF37161DB56}.Debug|Any CPU.ActiveCfg = Debug|Any CPU
		{F386394A-6102-4150-9887-1AF37161DB56}.Debug|Any CPU.Build.0 = Debug|Any CPU
		{F386394A-6102-4150-9887-1AF37161DB56}.Release|Any CPU.ActiveCfg = Release|Any CPU
		{F386394A-6102-4150-9887-1AF37161DB56}.Release|Any CPU.Build.0 = Release|Any CPU
		{8569FEF0-6B04-4E53-8FBC-4791FDAB1D94}.Debug|Any CPU.ActiveCfg = Debug|Any CPU
		{8569FEF0-6B04-4E53-8FBC-4791FDAB1D94}.Debug|Any CPU.Build.0 = Debug|Any CPU
		{8569FEF0-6B04-4E53-8FBC-4791FDAB1D94}.Release|Any CPU.ActiveCfg = Release|Any CPU
		{8569FEF0-6B04-4E53-8FBC-4791FDAB1D94}.Release|Any CPU.Build.0 = Release|Any CPU
		{7DE6B4CD-E80F-4E91-B4C4-35720245E0DA}.Debug|Any CPU.ActiveCfg = Debug|Any CPU
		{7DE6B4CD-E80F-4E91-B4C4-35720245E0DA}.Debug|Any CPU.Build.0 = Debug|Any CPU
		{7DE6B4CD-E80F-4E91-B4C4-35720245E0DA}.Release|Any CPU.ActiveCfg = Release|Any CPU
		{7DE6B4CD-E80F-4E91-B4C4-35720245E0DA}.Release|Any CPU.Build.0 = Release|Any CPU
		{2381FBD3-05C8-4002-8BE6-5261C80C8023}.Debug|Any CPU.ActiveCfg = Debug|Any CPU
		{2381FBD3-05C8-4002-8BE6-5261C80C8023}.Debug|Any CPU.Build.0 = Debug|Any CPU
		{2381FBD3-05C8-4002-8BE6-5261C80C8023}.Release|Any CPU.ActiveCfg = Release|Any CPU
		{2381FBD3-05C8-4002-8BE6-5261C80C8023}.Release|Any CPU.Build.0 = Release|Any CPU
		{A4C49C9C-F482-4235-9427-3094D34AD850}.Debug|Any CPU.ActiveCfg = Debug|Any CPU
		{A4C49C9C-F482-4235-9427-3094D34AD850}.Debug|Any CPU.Build.0 = Debug|Any CPU
		{A4C49C9C-F482-4235-9427-3094D34AD850}.Release|Any CPU.ActiveCfg = Release|Any CPU
		{A4C49C9C-F482-4235-9427-3094D34AD850}.Release|Any CPU.Build.0 = Release|Any CPU
		{02E18DFC-87C5-4AAE-B1F3-ED6A31FBCE02}.Debug|Any CPU.ActiveCfg = Debug|Any CPU
		{02E18DFC-87C5-4AAE-B1F3-ED6A31FBCE02}.Debug|Any CPU.Build.0 = Debug|Any CPU
		{02E18DFC-87C5-4AAE-B1F3-ED6A31FBCE02}.Release|Any CPU.ActiveCfg = Release|Any CPU
		{02E18DFC-87C5-4AAE-B1F3-ED6A31FBCE02}.Release|Any CPU.Build.0 = Release|Any CPU
		{E650AAFA-41AA-422F-9FBA-F365E504644E}.Debug|Any CPU.ActiveCfg = Debug|Any CPU
		{E650AAFA-41AA-422F-9FBA-F365E504644E}.Debug|Any CPU.Build.0 = Debug|Any CPU
		{E650AAFA-41AA-422F-9FBA-F365E504644E}.Release|Any CPU.ActiveCfg = Release|Any CPU
		{E650AAFA-41AA-422F-9FBA-F365E504644E}.Release|Any CPU.Build.0 = Release|Any CPU
		{E4931794-B637-4E1E-B0CA-D14ACE3EE5EB}.Debug|Any CPU.ActiveCfg = Debug|Any CPU
		{E4931794-B637-4E1E-B0CA-D14ACE3EE5EB}.Debug|Any CPU.Build.0 = Debug|Any CPU
		{E4931794-B637-4E1E-B0CA-D14ACE3EE5EB}.Release|Any CPU.ActiveCfg = Release|Any CPU
		{E4931794-B637-4E1E-B0CA-D14ACE3EE5EB}.Release|Any CPU.Build.0 = Release|Any CPU
		{A3B687B0-E355-4D43-B759-466C75CD4B57}.Debug|Any CPU.ActiveCfg = Debug|Any CPU
		{A3B687B0-E355-4D43-B759-466C75CD4B57}.Debug|Any CPU.Build.0 = Debug|Any CPU
		{A3B687B0-E355-4D43-B759-466C75CD4B57}.Release|Any CPU.ActiveCfg = Release|Any CPU
		{A3B687B0-E355-4D43-B759-466C75CD4B57}.Release|Any CPU.Build.0 = Release|Any CPU
		{BE612AE5-EC86-4B35-AD83-DD458725E23D}.Debug|Any CPU.ActiveCfg = Debug|Any CPU
		{BE612AE5-EC86-4B35-AD83-DD458725E23D}.Debug|Any CPU.Build.0 = Debug|Any CPU
		{BE612AE5-EC86-4B35-AD83-DD458725E23D}.Release|Any CPU.ActiveCfg = Release|Any CPU
		{BE612AE5-EC86-4B35-AD83-DD458725E23D}.Release|Any CPU.Build.0 = Release|Any CPU
		{8F502F05-3AFE-4E95-A444-A6D2F12684F4}.Debug|Any CPU.ActiveCfg = Debug|Any CPU
		{8F502F05-3AFE-4E95-A444-A6D2F12684F4}.Debug|Any CPU.Build.0 = Debug|Any CPU
		{8F502F05-3AFE-4E95-A444-A6D2F12684F4}.Release|Any CPU.ActiveCfg = Release|Any CPU
		{8F502F05-3AFE-4E95-A444-A6D2F12684F4}.Release|Any CPU.Build.0 = Release|Any CPU
		{D1CD1901-E0DE-46C3-9532-D61132C61C47}.Debug|Any CPU.ActiveCfg = Debug|Any CPU
		{D1CD1901-E0DE-46C3-9532-D61132C61C47}.Debug|Any CPU.Build.0 = Debug|Any CPU
		{D1CD1901-E0DE-46C3-9532-D61132C61C47}.Release|Any CPU.ActiveCfg = Release|Any CPU
		{D1CD1901-E0DE-46C3-9532-D61132C61C47}.Release|Any CPU.Build.0 = Release|Any CPU
		{B214AD29-9CAB-4C39-B676-03793B926187}.Debug|Any CPU.ActiveCfg = Debug|Any CPU
		{B214AD29-9CAB-4C39-B676-03793B926187}.Debug|Any CPU.Build.0 = Debug|Any CPU
		{B214AD29-9CAB-4C39-B676-03793B926187}.Release|Any CPU.ActiveCfg = Release|Any CPU
		{B214AD29-9CAB-4C39-B676-03793B926187}.Release|Any CPU.Build.0 = Release|Any CPU
		{7B6EE3DA-FF81-43F8-971C-29ADD5240072}.Debug|Any CPU.ActiveCfg = Debug|Any CPU
		{7B6EE3DA-FF81-43F8-971C-29ADD5240072}.Debug|Any CPU.Build.0 = Debug|Any CPU
		{7B6EE3DA-FF81-43F8-971C-29ADD5240072}.Release|Any CPU.ActiveCfg = Release|Any CPU
		{7B6EE3DA-FF81-43F8-971C-29ADD5240072}.Release|Any CPU.Build.0 = Release|Any CPU
		{E9EE1671-984F-4497-9C5B-B31CDFA4F2D1}.Debug|Any CPU.ActiveCfg = Debug|Any CPU
		{E9EE1671-984F-4497-9C5B-B31CDFA4F2D1}.Debug|Any CPU.Build.0 = Debug|Any CPU
		{E9EE1671-984F-4497-9C5B-B31CDFA4F2D1}.Release|Any CPU.ActiveCfg = Release|Any CPU
		{E9EE1671-984F-4497-9C5B-B31CDFA4F2D1}.Release|Any CPU.Build.0 = Release|Any CPU
		{B5698D93-4FA3-434D-956C-9C3D417444CC}.Debug|Any CPU.ActiveCfg = Debug|Any CPU
		{B5698D93-4FA3-434D-956C-9C3D417444CC}.Debug|Any CPU.Build.0 = Debug|Any CPU
		{B5698D93-4FA3-434D-956C-9C3D417444CC}.Release|Any CPU.ActiveCfg = Release|Any CPU
		{B5698D93-4FA3-434D-956C-9C3D417444CC}.Release|Any CPU.Build.0 = Release|Any CPU
		{6BDACC80-7FAA-4F61-8C6C-3F694804BA09}.Debug|Any CPU.ActiveCfg = Debug|Any CPU
		{6BDACC80-7FAA-4F61-8C6C-3F694804BA09}.Debug|Any CPU.Build.0 = Debug|Any CPU
		{6BDACC80-7FAA-4F61-8C6C-3F694804BA09}.Release|Any CPU.ActiveCfg = Release|Any CPU
		{6BDACC80-7FAA-4F61-8C6C-3F694804BA09}.Release|Any CPU.Build.0 = Release|Any CPU
		{04C533CC-F016-43E6-AA13-C1E782EABCBE}.Debug|Any CPU.ActiveCfg = Debug|Any CPU
		{04C533CC-F016-43E6-AA13-C1E782EABCBE}.Debug|Any CPU.Build.0 = Debug|Any CPU
		{04C533CC-F016-43E6-AA13-C1E782EABCBE}.Release|Any CPU.ActiveCfg = Release|Any CPU
		{04C533CC-F016-43E6-AA13-C1E782EABCBE}.Release|Any CPU.Build.0 = Release|Any CPU
		{03240ED8-7EED-4483-934B-6049882CF1E2}.Debug|Any CPU.ActiveCfg = Debug|Any CPU
		{03240ED8-7EED-4483-934B-6049882CF1E2}.Debug|Any CPU.Build.0 = Debug|Any CPU
		{03240ED8-7EED-4483-934B-6049882CF1E2}.Release|Any CPU.ActiveCfg = Release|Any CPU
		{03240ED8-7EED-4483-934B-6049882CF1E2}.Release|Any CPU.Build.0 = Release|Any CPU
		{D1E374C1-3748-4BB9-8A01-60BE59B2BD0C}.Debug|Any CPU.ActiveCfg = Debug|Any CPU
		{D1E374C1-3748-4BB9-8A01-60BE59B2BD0C}.Debug|Any CPU.Build.0 = Debug|Any CPU
		{D1E374C1-3748-4BB9-8A01-60BE59B2BD0C}.Release|Any CPU.ActiveCfg = Release|Any CPU
		{D1E374C1-3748-4BB9-8A01-60BE59B2BD0C}.Release|Any CPU.Build.0 = Release|Any CPU
		{FBDD68BD-C044-436A-BA47-1D51CA8A43C0}.Debug|Any CPU.ActiveCfg = Debug|Any CPU
		{FBDD68BD-C044-436A-BA47-1D51CA8A43C0}.Debug|Any CPU.Build.0 = Debug|Any CPU
		{FBDD68BD-C044-436A-BA47-1D51CA8A43C0}.Release|Any CPU.ActiveCfg = Release|Any CPU
		{FBDD68BD-C044-436A-BA47-1D51CA8A43C0}.Release|Any CPU.Build.0 = Release|Any CPU
		{94DFE904-98BE-4CE5-81FC-9911006291AA}.Debug|Any CPU.ActiveCfg = Debug|Any CPU
		{94DFE904-98BE-4CE5-81FC-9911006291AA}.Debug|Any CPU.Build.0 = Debug|Any CPU
		{94DFE904-98BE-4CE5-81FC-9911006291AA}.Release|Any CPU.ActiveCfg = Release|Any CPU
		{94DFE904-98BE-4CE5-81FC-9911006291AA}.Release|Any CPU.Build.0 = Release|Any CPU
		{59A087CE-5B1F-4ED4-B17E-9C94621E9A73}.Debug|Any CPU.ActiveCfg = Debug|Any CPU
		{59A087CE-5B1F-4ED4-B17E-9C94621E9A73}.Debug|Any CPU.Build.0 = Debug|Any CPU
		{59A087CE-5B1F-4ED4-B17E-9C94621E9A73}.Release|Any CPU.ActiveCfg = Release|Any CPU
		{59A087CE-5B1F-4ED4-B17E-9C94621E9A73}.Release|Any CPU.Build.0 = Release|Any CPU
		{F27A4042-3733-4DD6-B9B5-4FD448C70136}.Debug|Any CPU.ActiveCfg = Debug|Any CPU
		{F27A4042-3733-4DD6-B9B5-4FD448C70136}.Debug|Any CPU.Build.0 = Debug|Any CPU
		{F27A4042-3733-4DD6-B9B5-4FD448C70136}.Release|Any CPU.ActiveCfg = Release|Any CPU
		{F27A4042-3733-4DD6-B9B5-4FD448C70136}.Release|Any CPU.Build.0 = Release|Any CPU
		{79D488DC-025F-4358-AC0B-A6320AFFDC44}.Debug|Any CPU.ActiveCfg = Debug|Any CPU
		{79D488DC-025F-4358-AC0B-A6320AFFDC44}.Debug|Any CPU.Build.0 = Debug|Any CPU
		{79D488DC-025F-4358-AC0B-A6320AFFDC44}.Release|Any CPU.ActiveCfg = Release|Any CPU
		{79D488DC-025F-4358-AC0B-A6320AFFDC44}.Release|Any CPU.Build.0 = Release|Any CPU
		{D4FF2CBA-ABCD-4DC6-8A34-6B25C36F5B1C}.Debug|Any CPU.ActiveCfg = Debug|Any CPU
		{D4FF2CBA-ABCD-4DC6-8A34-6B25C36F5B1C}.Debug|Any CPU.Build.0 = Debug|Any CPU
		{D4FF2CBA-ABCD-4DC6-8A34-6B25C36F5B1C}.Release|Any CPU.ActiveCfg = Release|Any CPU
		{D4FF2CBA-ABCD-4DC6-8A34-6B25C36F5B1C}.Release|Any CPU.Build.0 = Release|Any CPU
	EndGlobalSection
	GlobalSection(SolutionProperties) = preSolution
		HideSolutionNode = FALSE
	EndGlobalSection
	GlobalSection(NestedProjects) = preSolution
		{8089B559-6238-4815-B3BB-7B4893598FCF} = {C98431E7-2B5C-4664-9966-BDC80328347C}
		{A9B1143B-F4ED-4AFE-9623-46380D74B846} = {AFD4E329-E702-479E-864C-69754EBE81F5}
		{7EF46F31-2010-480C-A8C8-089260DA7A6A} = {BB9418A9-6322-4D8A-9349-40A5CDFABF1F}
		{47032D72-9535-4F1D-BBC4-03DFF73E3D4D} = {7EF46F31-2010-480C-A8C8-089260DA7A6A}
		{C98431E7-2B5C-4664-9966-BDC80328347C} = {7EF46F31-2010-480C-A8C8-089260DA7A6A}
		{9B73FED6-6016-42AF-8D0D-A78F6F606A97} = {BB9418A9-6322-4D8A-9349-40A5CDFABF1F}
		{5D28835B-E4A4-4884-9289-7D689FD8DE64} = {9B73FED6-6016-42AF-8D0D-A78F6F606A97}
		{AFD4E329-E702-479E-864C-69754EBE81F5} = {9B73FED6-6016-42AF-8D0D-A78F6F606A97}
		{88F4BB90-3F68-45C5-99F4-316AFCC864CC} = {47032D72-9535-4F1D-BBC4-03DFF73E3D4D}
		{4F1471E6-21C2-435E-9FAB-DBC2D054D84F} = {47032D72-9535-4F1D-BBC4-03DFF73E3D4D}
		{DD422B23-B019-49B1-B34E-C350B3AAC9B4} = {47032D72-9535-4F1D-BBC4-03DFF73E3D4D}
		{A9F8CBA1-83D1-4251-A477-CCF44997ACE6} = {AFD4E329-E702-479E-864C-69754EBE81F5}
		{0149E0AF-350F-4D9F-8A11-378A1D107AFF} = {C98431E7-2B5C-4664-9966-BDC80328347C}
		{2DAF0F8D-7A5F-43DF-AED3-2E57DFB7B4CA} = {7EF46F31-2010-480C-A8C8-089260DA7A6A}
		{9A73FD84-B377-422E-8063-1EB18412281F} = {2DAF0F8D-7A5F-43DF-AED3-2E57DFB7B4CA}
		{1D92B195-22DC-4CAF-BE53-9B227E3E3388} = {7EF46F31-2010-480C-A8C8-089260DA7A6A}
		{8AFB2206-33C1-4604-AC1D-7DC231ADFA5E} = {1D92B195-22DC-4CAF-BE53-9B227E3E3388}
		{B2ADC896-81B8-46D1-91D7-88524498D9ED} = {7EF46F31-2010-480C-A8C8-089260DA7A6A}
		{016E9A39-A9B7-406F-89C6-72CD64482723} = {B2ADC896-81B8-46D1-91D7-88524498D9ED}
		{0F3FDAB2-8AF3-4EA0-A9CA-51C9B3A443D9} = {BB9418A9-6322-4D8A-9349-40A5CDFABF1F}
		{EFA680FF-4FCC-4285-8538-B045242F7AC6} = {0F3FDAB2-8AF3-4EA0-A9CA-51C9B3A443D9}
		{35DC1930-A9C5-4A2D-8A51-BC03C69A3DBE} = {5D28835B-E4A4-4884-9289-7D689FD8DE64}
		{359FC3C4-8B83-4375-830F-2857691BA991} = {5D28835B-E4A4-4884-9289-7D689FD8DE64}
		{CAAF7024-B1EE-4716-A36D-85AC29D86F9E} = {5D28835B-E4A4-4884-9289-7D689FD8DE64}
		{F7FD161E-A7C8-4F4E-BB28-4A4D8BFD294A} = {7EF46F31-2010-480C-A8C8-089260DA7A6A}
		{1D67685C-1769-45A9-8C31-E8A612FB1061} = {F7FD161E-A7C8-4F4E-BB28-4A4D8BFD294A}
		{F386394A-6102-4150-9887-1AF37161DB56} = {F7FD161E-A7C8-4F4E-BB28-4A4D8BFD294A}
		{8569FEF0-6B04-4E53-8FBC-4791FDAB1D94} = {F7FD161E-A7C8-4F4E-BB28-4A4D8BFD294A}
		{69246819-CA50-40FE-9EFA-3E67EF1A0C44} = {7EF46F31-2010-480C-A8C8-089260DA7A6A}
		{7DE6B4CD-E80F-4E91-B4C4-35720245E0DA} = {69246819-CA50-40FE-9EFA-3E67EF1A0C44}
		{2381FBD3-05C8-4002-8BE6-5261C80C8023} = {69246819-CA50-40FE-9EFA-3E67EF1A0C44}
		{A4C49C9C-F482-4235-9427-3094D34AD850} = {69246819-CA50-40FE-9EFA-3E67EF1A0C44}
		{B10948C1-5AB8-47B9-908A-7D4D701FF606} = {7EF46F31-2010-480C-A8C8-089260DA7A6A}
		{02E18DFC-87C5-4AAE-B1F3-ED6A31FBCE02} = {B10948C1-5AB8-47B9-908A-7D4D701FF606}
		{E650AAFA-41AA-422F-9FBA-F365E504644E} = {B10948C1-5AB8-47B9-908A-7D4D701FF606}
		{E4931794-B637-4E1E-B0CA-D14ACE3EE5EB} = {B10948C1-5AB8-47B9-908A-7D4D701FF606}
		{BE61D2DD-C2E0-49B3-8C82-460BB1D78061} = {7EF46F31-2010-480C-A8C8-089260DA7A6A}
		{A3B687B0-E355-4D43-B759-466C75CD4B57} = {BE61D2DD-C2E0-49B3-8C82-460BB1D78061}
		{BE612AE5-EC86-4B35-AD83-DD458725E23D} = {BE61D2DD-C2E0-49B3-8C82-460BB1D78061}
		{8F502F05-3AFE-4E95-A444-A6D2F12684F4} = {BE61D2DD-C2E0-49B3-8C82-460BB1D78061}
		{44291A00-73EE-4E90-B037-2B95A3932C46} = {7EF46F31-2010-480C-A8C8-089260DA7A6A}
		{D1CD1901-E0DE-46C3-9532-D61132C61C47} = {44291A00-73EE-4E90-B037-2B95A3932C46}
		{B214AD29-9CAB-4C39-B676-03793B926187} = {44291A00-73EE-4E90-B037-2B95A3932C46}
		{7B6EE3DA-FF81-43F8-971C-29ADD5240072} = {44291A00-73EE-4E90-B037-2B95A3932C46}
		{6C435DB9-7C5D-4A25-A6F5-24C7949CC065} = {BB9418A9-6322-4D8A-9349-40A5CDFABF1F}
		{E9EE1671-984F-4497-9C5B-B31CDFA4F2D1} = {6C435DB9-7C5D-4A25-A6F5-24C7949CC065}
		{956971EA-CCCD-4F94-A748-22B2FF864087} = {BB9418A9-6322-4D8A-9349-40A5CDFABF1F}
		{B5698D93-4FA3-434D-956C-9C3D417444CC} = {956971EA-CCCD-4F94-A748-22B2FF864087}
		{6BDACC80-7FAA-4F61-8C6C-3F694804BA09} = {AFD4E329-E702-479E-864C-69754EBE81F5}
		{D8100303-D517-48EC-94D8-7ABFA9263AA1} = {7EF46F31-2010-480C-A8C8-089260DA7A6A}
		{04C533CC-F016-43E6-AA13-C1E782EABCBE} = {D8100303-D517-48EC-94D8-7ABFA9263AA1}
		{03240ED8-7EED-4483-934B-6049882CF1E2} = {D8100303-D517-48EC-94D8-7ABFA9263AA1}
		{D1E374C1-3748-4BB9-8A01-60BE59B2BD0C} = {D8100303-D517-48EC-94D8-7ABFA9263AA1}
		{FBDD68BD-C044-436A-BA47-1D51CA8A43C0} = {956971EA-CCCD-4F94-A748-22B2FF864087}
		{94DFE904-98BE-4CE5-81FC-9911006291AA} = {956971EA-CCCD-4F94-A748-22B2FF864087}
		{52C16A86-8D00-4477-8543-4F3286388BF7} = {7EF46F31-2010-480C-A8C8-089260DA7A6A}
		{59A087CE-5B1F-4ED4-B17E-9C94621E9A73} = {52C16A86-8D00-4477-8543-4F3286388BF7}
		{F27A4042-3733-4DD6-B9B5-4FD448C70136} = {52C16A86-8D00-4477-8543-4F3286388BF7}
		{79D488DC-025F-4358-AC0B-A6320AFFDC44} = {52C16A86-8D00-4477-8543-4F3286388BF7}
		{D4FF2CBA-ABCD-4DC6-8A34-6B25C36F5B1C} = {956971EA-CCCD-4F94-A748-22B2FF864087}
	EndGlobalSection
	GlobalSection(ExtensibilityGlobals) = postSolution
		SolutionGuid = {B82B1A8F-5D5E-44F4-894D-24110BFC6AE7}
	EndGlobalSection
EndGlobal
